// !$*UTF8*$!
{
	archiveVersion = 1;
	classes = {
	};
	objectVersion = 51;
	objects = {

/* Begin PBXBuildFile section */
		253C5D990384FF72577062B6 /* Pods_weddingBudget.framework in Frameworks */ = {isa = PBXBuildFile; fileRef = F9A049DD39CDF4FF408EB77A /* Pods_weddingBudget.framework */; };
		553938F62457333C0000F29C /* AppDelegate.swift in Sources */ = {isa = PBXBuildFile; fileRef = 553938F52457333C0000F29C /* AppDelegate.swift */; };
		553938F82457333C0000F29C /* SceneDelegate.swift in Sources */ = {isa = PBXBuildFile; fileRef = 553938F72457333C0000F29C /* SceneDelegate.swift */; };
		553938FD2457333C0000F29C /* Main.storyboard in Resources */ = {isa = PBXBuildFile; fileRef = 553938FB2457333C0000F29C /* Main.storyboard */; };
		553938FF245733400000F29C /* Assets.xcassets in Resources */ = {isa = PBXBuildFile; fileRef = 553938FE245733400000F29C /* Assets.xcassets */; };
		55393902245733400000F29C /* LaunchScreen.storyboard in Resources */ = {isa = PBXBuildFile; fileRef = 55393900245733400000F29C /* LaunchScreen.storyboard */; };
		55393912245745C30000F29C /* pieChart.storyboard in Resources */ = {isa = PBXBuildFile; fileRef = 55393910245745C20000F29C /* pieChart.storyboard */; };
		5539391424574ABF0000F29C /* logInController.swift in Sources */ = {isa = PBXBuildFile; fileRef = 5539391324574ABF0000F29C /* logInController.swift */; };
		5539391624574AD60000F29C /* CheckListViewController.swift in Sources */ = {isa = PBXBuildFile; fileRef = 5539391524574AD60000F29C /* CheckListViewController.swift */; };
		5539391824574AE60000F29C /* LogIn.swift in Sources */ = {isa = PBXBuildFile; fileRef = 5539391724574AE60000F29C /* LogIn.swift */; };
		B5385127245B2C28008F44BD /* User.swift in Sources */ = {isa = PBXBuildFile; fileRef = B5385126245B2C28008F44BD /* User.swift */; };
		B5A72D89245896C400C8D141 /* SettingsViewController.swift in Sources */ = {isa = PBXBuildFile; fileRef = B5A72D88245896C400C8D141 /* SettingsViewController.swift */; };
		B5D2A3282457663600F046C6 /* LoginViewController.swift in Sources */ = {isa = PBXBuildFile; fileRef = B5D2A3272457663600F046C6 /* LoginViewController.swift */; };
		B5D2A32A2457664700F046C6 /* SignUpViewController.swift in Sources */ = {isa = PBXBuildFile; fileRef = B5D2A3292457664700F046C6 /* SignUpViewController.swift */; };
		B5D2A32C2457666A00F046C6 /* HomeViewController.swift in Sources */ = {isa = PBXBuildFile; fileRef = B5D2A32B2457666A00F046C6 /* HomeViewController.swift */; };
		B5D2A32F24576EED00F046C6 /* Utilities.swift in Sources */ = {isa = PBXBuildFile; fileRef = B5D2A32E24576EED00F046C6 /* Utilities.swift */; };
		B5D2A3312457718400F046C6 /* FirstViewController.swift in Sources */ = {isa = PBXBuildFile; fileRef = B5D2A3302457718400F046C6 /* FirstViewController.swift */; };
		B5D2A333245773CF00F046C6 /* GoogleService-Info.plist in Resources */ = {isa = PBXBuildFile; fileRef = B5D2A332245773CF00F046C6 /* GoogleService-Info.plist */; };
		B5D2A3352457841D00F046C6 /* Constants.swift in Sources */ = {isa = PBXBuildFile; fileRef = B5D2A3342457841D00F046C6 /* Constants.swift */; };
		B5D2A33C245790C900F046C6 /* loginbg.mov in Resources */ = {isa = PBXBuildFile; fileRef = B5D2A33B245790C900F046C6 /* loginbg.mov */; };
		B5D2A33E2457977A00F046C6 /* TabBarController.swift in Sources */ = {isa = PBXBuildFile; fileRef = B5D2A33D2457977A00F046C6 /* TabBarController.swift */; };
/* End PBXBuildFile section */

/* Begin PBXFileReference section */
		553938F22457333C0000F29C /* weddingBudget.app */ = {isa = PBXFileReference; explicitFileType = wrapper.application; includeInIndex = 0; path = weddingBudget.app; sourceTree = BUILT_PRODUCTS_DIR; };
		553938F52457333C0000F29C /* AppDelegate.swift */ = {isa = PBXFileReference; lastKnownFileType = sourcecode.swift; path = AppDelegate.swift; sourceTree = "<group>"; };
		553938F72457333C0000F29C /* SceneDelegate.swift */ = {isa = PBXFileReference; lastKnownFileType = sourcecode.swift; path = SceneDelegate.swift; sourceTree = "<group>"; };
		553938FC2457333C0000F29C /* Base */ = {isa = PBXFileReference; lastKnownFileType = file.storyboard; name = Base; path = Base.lproj/Main.storyboard; sourceTree = "<group>"; };
		553938FE245733400000F29C /* Assets.xcassets */ = {isa = PBXFileReference; lastKnownFileType = folder.assetcatalog; path = Assets.xcassets; sourceTree = "<group>"; };
		55393901245733400000F29C /* Base */ = {isa = PBXFileReference; lastKnownFileType = file.storyboard; name = Base; path = Base.lproj/LaunchScreen.storyboard; sourceTree = "<group>"; };
		55393903245733400000F29C /* Info.plist */ = {isa = PBXFileReference; lastKnownFileType = text.plist.xml; path = Info.plist; sourceTree = "<group>"; };
		55393911245745C30000F29C /* Base */ = {isa = PBXFileReference; lastKnownFileType = file.storyboard; name = Base; path = weddingBudget/Base.lproj/pieChart.storyboard; sourceTree = "<group>"; };
		5539391324574ABF0000F29C /* logInController.swift */ = {isa = PBXFileReference; lastKnownFileType = sourcecode.swift; path = logInController.swift; sourceTree = "<group>"; };
		5539391524574AD60000F29C /* CheckListViewController.swift */ = {isa = PBXFileReference; lastKnownFileType = sourcecode.swift; path = CheckListViewController.swift; sourceTree = "<group>"; };
		5539391724574AE60000F29C /* LogIn.swift */ = {isa = PBXFileReference; lastKnownFileType = sourcecode.swift; path = LogIn.swift; sourceTree = "<group>"; };
		5603C8D5E15D2BBDC818AD3C /* Pods-weddingBudget.release.xcconfig */ = {isa = PBXFileReference; includeInIndex = 1; lastKnownFileType = text.xcconfig; name = "Pods-weddingBudget.release.xcconfig"; path = "Target Support Files/Pods-weddingBudget/Pods-weddingBudget.release.xcconfig"; sourceTree = "<group>"; };
		A3975850639F5CB38DF43BB2 /* Pods-weddingBudget.debug.xcconfig */ = {isa = PBXFileReference; includeInIndex = 1; lastKnownFileType = text.xcconfig; name = "Pods-weddingBudget.debug.xcconfig"; path = "Target Support Files/Pods-weddingBudget/Pods-weddingBudget.debug.xcconfig"; sourceTree = "<group>"; };
		B5385126245B2C28008F44BD /* User.swift */ = {isa = PBXFileReference; lastKnownFileType = sourcecode.swift; path = User.swift; sourceTree = "<group>"; };
		B5A72D88245896C400C8D141 /* SettingsViewController.swift */ = {isa = PBXFileReference; lastKnownFileType = sourcecode.swift; path = SettingsViewController.swift; sourceTree = "<group>"; };
		B5D2A3272457663600F046C6 /* LoginViewController.swift */ = {isa = PBXFileReference; lastKnownFileType = sourcecode.swift; path = LoginViewController.swift; sourceTree = "<group>"; };
		B5D2A3292457664700F046C6 /* SignUpViewController.swift */ = {isa = PBXFileReference; lastKnownFileType = sourcecode.swift; path = SignUpViewController.swift; sourceTree = "<group>"; };
		B5D2A32B2457666A00F046C6 /* HomeViewController.swift */ = {isa = PBXFileReference; lastKnownFileType = sourcecode.swift; path = HomeViewController.swift; sourceTree = "<group>"; };
		B5D2A32E24576EED00F046C6 /* Utilities.swift */ = {isa = PBXFileReference; lastKnownFileType = sourcecode.swift; path = Utilities.swift; sourceTree = "<group>"; };
		B5D2A3302457718400F046C6 /* FirstViewController.swift */ = {isa = PBXFileReference; lastKnownFileType = sourcecode.swift; path = FirstViewController.swift; sourceTree = "<group>"; };
		B5D2A332245773CF00F046C6 /* GoogleService-Info.plist */ = {isa = PBXFileReference; fileEncoding = 4; lastKnownFileType = text.plist.xml; path = "GoogleService-Info.plist"; sourceTree = "<group>"; };
		B5D2A3342457841D00F046C6 /* Constants.swift */ = {isa = PBXFileReference; lastKnownFileType = sourcecode.swift; path = Constants.swift; sourceTree = "<group>"; };
		B5D2A33B245790C900F046C6 /* loginbg.mov */ = {isa = PBXFileReference; lastKnownFileType = video.quicktime; path = loginbg.mov; sourceTree = "<group>"; };
		B5D2A33D2457977A00F046C6 /* TabBarController.swift */ = {isa = PBXFileReference; lastKnownFileType = sourcecode.swift; path = TabBarController.swift; sourceTree = "<group>"; };
		F9A049DD39CDF4FF408EB77A /* Pods_weddingBudget.framework */ = {isa = PBXFileReference; explicitFileType = wrapper.framework; includeInIndex = 0; path = Pods_weddingBudget.framework; sourceTree = BUILT_PRODUCTS_DIR; };
/* End PBXFileReference section */

/* Begin PBXFrameworksBuildPhase section */
		553938EF2457333C0000F29C /* Frameworks */ = {
			isa = PBXFrameworksBuildPhase;
			buildActionMask = 2147483647;
			files = (
				253C5D990384FF72577062B6 /* Pods_weddingBudget.framework in Frameworks */,
			);
			runOnlyForDeploymentPostprocessing = 0;
		};
/* End PBXFrameworksBuildPhase section */

/* Begin PBXGroup section */
		553938E92457333C0000F29C = {
			isa = PBXGroup;
			children = (
				553938F42457333C0000F29C /* weddingBudget */,
				553938F32457333C0000F29C /* Products */,
				E718711A7D9EB922E68CC9EE /* Pods */,
				B8EA6624F895A40F9898CC00 /* Frameworks */,
			);
			sourceTree = "<group>";
		};
		553938F32457333C0000F29C /* Products */ = {
			isa = PBXGroup;
			children = (
				553938F22457333C0000F29C /* weddingBudget.app */,
			);
			name = Products;
			sourceTree = "<group>";
		};
		553938F42457333C0000F29C /* weddingBudget */ = {
			isa = PBXGroup;
			children = (
				B5D2A33624578BAF00F046C6 /* Media */,
				5539390D245741840000F29C /* Model Controllers */,
				5539390C2457417D0000F29C /* View Controllers */,
				5539390B245741760000F29C /* Model */,
				553938F52457333C0000F29C /* AppDelegate.swift */,
				553938F72457333C0000F29C /* SceneDelegate.swift */,
				55393910245745C20000F29C /* pieChart.storyboard */,
				553938FB2457333C0000F29C /* Main.storyboard */,
				B5D2A32D24576E4F00F046C6 /* Helpers */,
				553938FE245733400000F29C /* Assets.xcassets */,
				55393900245733400000F29C /* LaunchScreen.storyboard */,
				55393903245733400000F29C /* Info.plist */,
				B5D2A332245773CF00F046C6 /* GoogleService-Info.plist */,
			);
			path = weddingBudget;
			sourceTree = "<group>";
		};
		5539390B245741760000F29C /* Model */ = {
			isa = PBXGroup;
			children = (
				5539391724574AE60000F29C /* LogIn.swift */,
			);
			path = Model;
			sourceTree = "<group>";
		};
		5539390C2457417D0000F29C /* View Controllers */ = {
			isa = PBXGroup;
			children = (
				5539391524574AD60000F29C /* CheckListViewController.swift */,
				B5D2A3272457663600F046C6 /* LoginViewController.swift */,
				B5D2A3292457664700F046C6 /* SignUpViewController.swift */,
				B5D2A32B2457666A00F046C6 /* HomeViewController.swift */,
				B5D2A3302457718400F046C6 /* FirstViewController.swift */,
				B5A72D88245896C400C8D141 /* SettingsViewController.swift */,
			);
			path = "View Controllers";
			sourceTree = "<group>";
		};
		5539390D245741840000F29C /* Model Controllers */ = {
			isa = PBXGroup;
			children = (
				5539391324574ABF0000F29C /* logInController.swift */,
				B5385126245B2C28008F44BD /* User.swift */,
			);
			path = "Model Controllers";
			sourceTree = "<group>";
		};
		B5D2A32D24576E4F00F046C6 /* Helpers */ = {
			isa = PBXGroup;
			children = (
				B5D2A32E24576EED00F046C6 /* Utilities.swift */,
				B5D2A3342457841D00F046C6 /* Constants.swift */,
				B5D2A33D2457977A00F046C6 /* TabBarController.swift */,
			);
			path = Helpers;
			sourceTree = "<group>";
		};
		B5D2A33624578BAF00F046C6 /* Media */ = {
			isa = PBXGroup;
			children = (
				B5D2A33B245790C900F046C6 /* loginbg.mov */,
			);
			path = Media;
			sourceTree = "<group>";
		};
		B8EA6624F895A40F9898CC00 /* Frameworks */ = {
			isa = PBXGroup;
			children = (
				F9A049DD39CDF4FF408EB77A /* Pods_weddingBudget.framework */,
			);
			name = Frameworks;
			sourceTree = "<group>";
		};
		E718711A7D9EB922E68CC9EE /* Pods */ = {
			isa = PBXGroup;
			children = (
				A3975850639F5CB38DF43BB2 /* Pods-weddingBudget.debug.xcconfig */,
				5603C8D5E15D2BBDC818AD3C /* Pods-weddingBudget.release.xcconfig */,
			);
			path = Pods;
			sourceTree = "<group>";
		};
/* End PBXGroup section */

/* Begin PBXNativeTarget section */
		553938F12457333C0000F29C /* weddingBudget */ = {
			isa = PBXNativeTarget;
			buildConfigurationList = 55393906245733400000F29C /* Build configuration list for PBXNativeTarget "weddingBudget" */;
			buildPhases = (
				7A7CEFB0CD2DBF1B3839F84B /* [CP] Check Pods Manifest.lock */,
				553938EE2457333C0000F29C /* Sources */,
				553938EF2457333C0000F29C /* Frameworks */,
				553938F02457333C0000F29C /* Resources */,
				EA20F13E138967413C60CCD5 /* [CP] Embed Pods Frameworks */,
			);
			buildRules = (
			);
			dependencies = (
			);
			name = weddingBudget;
			productName = weddingBudget;
			productReference = 553938F22457333C0000F29C /* weddingBudget.app */;
			productType = "com.apple.product-type.application";
		};
/* End PBXNativeTarget section */

/* Begin PBXProject section */
		553938EA2457333C0000F29C /* Project object */ = {
			isa = PBXProject;
			attributes = {
				LastSwiftUpdateCheck = 1140;
				LastUpgradeCheck = 1140;
				ORGANIZATIONNAME = "Keri Levesque";
				TargetAttributes = {
					553938F12457333C0000F29C = {
						CreatedOnToolsVersion = 11.4;
					};
				};
			};
			buildConfigurationList = 553938ED2457333C0000F29C /* Build configuration list for PBXProject "weddingBudget" */;
			compatibilityVersion = "Xcode 9.3";
			developmentRegion = en;
			hasScannedForEncodings = 0;
			knownRegions = (
				en,
				Base,
			);
			mainGroup = 553938E92457333C0000F29C;
			productRefGroup = 553938F32457333C0000F29C /* Products */;
			projectDirPath = "";
			projectRoot = "";
			targets = (
				553938F12457333C0000F29C /* weddingBudget */,
			);
		};
/* End PBXProject section */

/* Begin PBXResourcesBuildPhase section */
		553938F02457333C0000F29C /* Resources */ = {
			isa = PBXResourcesBuildPhase;
			buildActionMask = 2147483647;
			files = (
				55393902245733400000F29C /* LaunchScreen.storyboard in Resources */,
				B5D2A33C245790C900F046C6 /* loginbg.mov in Resources */,
				553938FF245733400000F29C /* Assets.xcassets in Resources */,
				B5D2A333245773CF00F046C6 /* GoogleService-Info.plist in Resources */,
				55393912245745C30000F29C /* pieChart.storyboard in Resources */,
				553938FD2457333C0000F29C /* Main.storyboard in Resources */,
			);
			runOnlyForDeploymentPostprocessing = 0;
		};
/* End PBXResourcesBuildPhase section */

/* Begin PBXShellScriptBuildPhase section */
		7A7CEFB0CD2DBF1B3839F84B /* [CP] Check Pods Manifest.lock */ = {
			isa = PBXShellScriptBuildPhase;
			buildActionMask = 2147483647;
			files = (
			);
			inputFileListPaths = (
			);
			inputPaths = (
				"${PODS_PODFILE_DIR_PATH}/Podfile.lock",
				"${PODS_ROOT}/Manifest.lock",
			);
			name = "[CP] Check Pods Manifest.lock";
			outputFileListPaths = (
			);
			outputPaths = (
				"$(DERIVED_FILE_DIR)/Pods-weddingBudget-checkManifestLockResult.txt",
			);
			runOnlyForDeploymentPostprocessing = 0;
			shellPath = /bin/sh;
			shellScript = "diff \"${PODS_PODFILE_DIR_PATH}/Podfile.lock\" \"${PODS_ROOT}/Manifest.lock\" > /dev/null\nif [ $? != 0 ] ; then\n    # print error to STDERR\n    echo \"error: The sandbox is not in sync with the Podfile.lock. Run 'pod install' or update your CocoaPods installation.\" >&2\n    exit 1\nfi\n# This output is used by Xcode 'outputs' to avoid re-running this script phase.\necho \"SUCCESS\" > \"${SCRIPT_OUTPUT_FILE_0}\"\n";
			showEnvVarsInLog = 0;
		};
		EA20F13E138967413C60CCD5 /* [CP] Embed Pods Frameworks */ = {
			isa = PBXShellScriptBuildPhase;
			buildActionMask = 2147483647;
			files = (
			);
			inputFileListPaths = (
				"${PODS_ROOT}/Target Support Files/Pods-weddingBudget/Pods-weddingBudget-frameworks-${CONFIGURATION}-input-files.xcfilelist",
			);
			name = "[CP] Embed Pods Frameworks";
			outputFileListPaths = (
				"${PODS_ROOT}/Target Support Files/Pods-weddingBudget/Pods-weddingBudget-frameworks-${CONFIGURATION}-output-files.xcfilelist",
			);
			runOnlyForDeploymentPostprocessing = 0;
			shellPath = /bin/sh;
			shellScript = "\"${PODS_ROOT}/Target Support Files/Pods-weddingBudget/Pods-weddingBudget-frameworks.sh\"\n";
			showEnvVarsInLog = 0;
		};
/* End PBXShellScriptBuildPhase section */

/* Begin PBXSourcesBuildPhase section */
		553938EE2457333C0000F29C /* Sources */ = {
			isa = PBXSourcesBuildPhase;
			buildActionMask = 2147483647;
			files = (
				B5D2A3282457663600F046C6 /* LoginViewController.swift in Sources */,
				B5D2A3352457841D00F046C6 /* Constants.swift in Sources */,
				B5D2A32A2457664700F046C6 /* SignUpViewController.swift in Sources */,
				5539391824574AE60000F29C /* LogIn.swift in Sources */,
				B5D2A32C2457666A00F046C6 /* HomeViewController.swift in Sources */,
				5539391424574ABF0000F29C /* logInController.swift in Sources */,
				B5385127245B2C28008F44BD /* User.swift in Sources */,
				B5D2A3312457718400F046C6 /* FirstViewController.swift in Sources */,
				5539391624574AD60000F29C /* CheckListViewController.swift in Sources */,
				B5D2A32F24576EED00F046C6 /* Utilities.swift in Sources */,
				B5D2A33E2457977A00F046C6 /* TabBarController.swift in Sources */,
				B5A72D89245896C400C8D141 /* SettingsViewController.swift in Sources */,
				553938F62457333C0000F29C /* AppDelegate.swift in Sources */,
				553938F82457333C0000F29C /* SceneDelegate.swift in Sources */,
			);
			runOnlyForDeploymentPostprocessing = 0;
		};
/* End PBXSourcesBuildPhase section */

/* Begin PBXVariantGroup section */
		553938FB2457333C0000F29C /* Main.storyboard */ = {
			isa = PBXVariantGroup;
			children = (
				553938FC2457333C0000F29C /* Base */,
			);
			name = Main.storyboard;
			sourceTree = "<group>";
		};
		55393900245733400000F29C /* LaunchScreen.storyboard */ = {
			isa = PBXVariantGroup;
			children = (
				55393901245733400000F29C /* Base */,
			);
			name = LaunchScreen.storyboard;
			sourceTree = "<group>";
		};
		55393910245745C20000F29C /* pieChart.storyboard */ = {
			isa = PBXVariantGroup;
			children = (
				55393911245745C30000F29C /* Base */,
			);
			name = pieChart.storyboard;
			sourceTree = "<group>";
		};
/* End PBXVariantGroup section */

/* Begin XCBuildConfiguration section */
		55393904245733400000F29C /* Debug */ = {
			isa = XCBuildConfiguration;
			buildSettings = {
				ALWAYS_SEARCH_USER_PATHS = NO;
				CLANG_ANALYZER_NONNULL = YES;
				CLANG_ANALYZER_NUMBER_OBJECT_CONVERSION = YES_AGGRESSIVE;
				CLANG_CXX_LANGUAGE_STANDARD = "gnu++14";
				CLANG_CXX_LIBRARY = "libc++";
				CLANG_ENABLE_MODULES = YES;
				CLANG_ENABLE_OBJC_ARC = YES;
				CLANG_ENABLE_OBJC_WEAK = YES;
				CLANG_WARN_BLOCK_CAPTURE_AUTORELEASING = YES;
				CLANG_WARN_BOOL_CONVERSION = YES;
				CLANG_WARN_COMMA = YES;
				CLANG_WARN_CONSTANT_CONVERSION = YES;
				CLANG_WARN_DEPRECATED_OBJC_IMPLEMENTATIONS = YES;
				CLANG_WARN_DIRECT_OBJC_ISA_USAGE = YES_ERROR;
				CLANG_WARN_DOCUMENTATION_COMMENTS = YES;
				CLANG_WARN_EMPTY_BODY = YES;
				CLANG_WARN_ENUM_CONVERSION = YES;
				CLANG_WARN_INFINITE_RECURSION = YES;
				CLANG_WARN_INT_CONVERSION = YES;
				CLANG_WARN_NON_LITERAL_NULL_CONVERSION = YES;
				CLANG_WARN_OBJC_IMPLICIT_RETAIN_SELF = YES;
				CLANG_WARN_OBJC_LITERAL_CONVERSION = YES;
				CLANG_WARN_OBJC_ROOT_CLASS = YES_ERROR;
				CLANG_WARN_RANGE_LOOP_ANALYSIS = YES;
				CLANG_WARN_STRICT_PROTOTYPES = YES;
				CLANG_WARN_SUSPICIOUS_MOVE = YES;
				CLANG_WARN_UNGUARDED_AVAILABILITY = YES_AGGRESSIVE;
				CLANG_WARN_UNREACHABLE_CODE = YES;
				CLANG_WARN__DUPLICATE_METHOD_MATCH = YES;
				COPY_PHASE_STRIP = NO;
				DEBUG_INFORMATION_FORMAT = dwarf;
				ENABLE_STRICT_OBJC_MSGSEND = YES;
				ENABLE_TESTABILITY = YES;
				GCC_C_LANGUAGE_STANDARD = gnu11;
				GCC_DYNAMIC_NO_PIC = NO;
				GCC_NO_COMMON_BLOCKS = YES;
				GCC_OPTIMIZATION_LEVEL = 0;
				GCC_PREPROCESSOR_DEFINITIONS = (
					"DEBUG=1",
					"$(inherited)",
				);
				GCC_WARN_64_TO_32_BIT_CONVERSION = YES;
				GCC_WARN_ABOUT_RETURN_TYPE = YES_ERROR;
				GCC_WARN_UNDECLARED_SELECTOR = YES;
				GCC_WARN_UNINITIALIZED_AUTOS = YES_AGGRESSIVE;
				GCC_WARN_UNUSED_FUNCTION = YES;
				GCC_WARN_UNUSED_VARIABLE = YES;
				IPHONEOS_DEPLOYMENT_TARGET = 13.4;
				MTL_ENABLE_DEBUG_INFO = INCLUDE_SOURCE;
				MTL_FAST_MATH = YES;
				ONLY_ACTIVE_ARCH = YES;
				SDKROOT = iphoneos;
				SWIFT_ACTIVE_COMPILATION_CONDITIONS = DEBUG;
				SWIFT_OPTIMIZATION_LEVEL = "-Onone";
			};
			name = Debug;
		};
		55393905245733400000F29C /* Release */ = {
			isa = XCBuildConfiguration;
			buildSettings = {
				ALWAYS_SEARCH_USER_PATHS = NO;
				CLANG_ANALYZER_NONNULL = YES;
				CLANG_ANALYZER_NUMBER_OBJECT_CONVERSION = YES_AGGRESSIVE;
				CLANG_CXX_LANGUAGE_STANDARD = "gnu++14";
				CLANG_CXX_LIBRARY = "libc++";
				CLANG_ENABLE_MODULES = YES;
				CLANG_ENABLE_OBJC_ARC = YES;
				CLANG_ENABLE_OBJC_WEAK = YES;
				CLANG_WARN_BLOCK_CAPTURE_AUTORELEASING = YES;
				CLANG_WARN_BOOL_CONVERSION = YES;
				CLANG_WARN_COMMA = YES;
				CLANG_WARN_CONSTANT_CONVERSION = YES;
				CLANG_WARN_DEPRECATED_OBJC_IMPLEMENTATIONS = YES;
				CLANG_WARN_DIRECT_OBJC_ISA_USAGE = YES_ERROR;
				CLANG_WARN_DOCUMENTATION_COMMENTS = YES;
				CLANG_WARN_EMPTY_BODY = YES;
				CLANG_WARN_ENUM_CONVERSION = YES;
				CLANG_WARN_INFINITE_RECURSION = YES;
				CLANG_WARN_INT_CONVERSION = YES;
				CLANG_WARN_NON_LITERAL_NULL_CONVERSION = YES;
				CLANG_WARN_OBJC_IMPLICIT_RETAIN_SELF = YES;
				CLANG_WARN_OBJC_LITERAL_CONVERSION = YES;
				CLANG_WARN_OBJC_ROOT_CLASS = YES_ERROR;
				CLANG_WARN_RANGE_LOOP_ANALYSIS = YES;
				CLANG_WARN_STRICT_PROTOTYPES = YES;
				CLANG_WARN_SUSPICIOUS_MOVE = YES;
				CLANG_WARN_UNGUARDED_AVAILABILITY = YES_AGGRESSIVE;
				CLANG_WARN_UNREACHABLE_CODE = YES;
				CLANG_WARN__DUPLICATE_METHOD_MATCH = YES;
				COPY_PHASE_STRIP = NO;
				DEBUG_INFORMATION_FORMAT = "dwarf-with-dsym";
				ENABLE_NS_ASSERTIONS = NO;
				ENABLE_STRICT_OBJC_MSGSEND = YES;
				GCC_C_LANGUAGE_STANDARD = gnu11;
				GCC_NO_COMMON_BLOCKS = YES;
				GCC_WARN_64_TO_32_BIT_CONVERSION = YES;
				GCC_WARN_ABOUT_RETURN_TYPE = YES_ERROR;
				GCC_WARN_UNDECLARED_SELECTOR = YES;
				GCC_WARN_UNINITIALIZED_AUTOS = YES_AGGRESSIVE;
				GCC_WARN_UNUSED_FUNCTION = YES;
				GCC_WARN_UNUSED_VARIABLE = YES;
				IPHONEOS_DEPLOYMENT_TARGET = 13.4;
				MTL_ENABLE_DEBUG_INFO = NO;
				MTL_FAST_MATH = YES;
				SDKROOT = iphoneos;
				SWIFT_COMPILATION_MODE = wholemodule;
				SWIFT_OPTIMIZATION_LEVEL = "-O";
				VALIDATE_PRODUCT = YES;
			};
			name = Release;
		};
		55393907245733400000F29C /* Debug */ = {
			isa = XCBuildConfiguration;
			baseConfigurationReference = A3975850639F5CB38DF43BB2 /* Pods-weddingBudget.debug.xcconfig */;
			buildSettings = {
				ASSETCATALOG_COMPILER_APPICON_NAME = AppIcon;
				CODE_SIGN_STYLE = Automatic;
				DEVELOPMENT_TEAM = YD8YHX248U;
				INFOPLIST_FILE = weddingBudget/Info.plist;
				LD_RUNPATH_SEARCH_PATHS = (
					"$(inherited)",
					"@executable_path/Frameworks",
				);
				PRODUCT_BUNDLE_IDENTIFIER = com.example.weddingBudget;
				PRODUCT_NAME = weddingBudget;
				SWIFT_VERSION = 5.0;
				TARGETED_DEVICE_FAMILY = "1,2";
			};
			name = Debug;
		};
		55393908245733400000F29C /* Release */ = {
			isa = XCBuildConfiguration;
			baseConfigurationReference = 5603C8D5E15D2BBDC818AD3C /* Pods-weddingBudget.release.xcconfig */;
			buildSettings = {
				ASSETCATALOG_COMPILER_APPICON_NAME = AppIcon;
				CODE_SIGN_STYLE = Automatic;
				DEVELOPMENT_TEAM = YD8YHX248U;
				INFOPLIST_FILE = weddingBudget/Info.plist;
				LD_RUNPATH_SEARCH_PATHS = (
					"$(inherited)",
					"@executable_path/Frameworks",
				);
				PRODUCT_BUNDLE_IDENTIFIER = com.example.weddingBudget;
				PRODUCT_NAME = weddingBudget;
				SWIFT_VERSION = 5.0;
				TARGETED_DEVICE_FAMILY = "1,2";
			};
			name = Release;
		};
/* End XCBuildConfiguration section */

/* Begin XCConfigurationList section */
		553938ED2457333C0000F29C /* Build configuration list for PBXProject "weddingBudget" */ = {
			isa = XCConfigurationList;
			buildConfigurations = (
				55393904245733400000F29C /* Debug */,
				55393905245733400000F29C /* Release */,
			);
			defaultConfigurationIsVisible = 0;
			defaultConfigurationName = Release;
		};
		55393906245733400000F29C /* Build configuration list for PBXNativeTarget "weddingBudget" */ = {
			isa = XCConfigurationList;
			buildConfigurations = (
				55393907245733400000F29C /* Debug */,
				55393908245733400000F29C /* Release */,
			);
			defaultConfigurationIsVisible = 0;
			defaultConfigurationName = Release;
		};
/* End XCConfigurationList section */
	};
	rootObject = 553938EA2457333C0000F29C /* Project object */;
}
